
Microsoft Visual Studio Solution File, Format Version 12.00
# Visual Studio Version 17
VisualStudioVersion = 17.14.36414.22 d17.14
MinimumVisualStudioVersion = 10.0.40219.1
Project("{FAE04EC0-301F-11D3-BF4B-00C04F79EFBC}") = "01.IntroAndBasicSyntax", "01.IntroAndBasicSyntax\01.IntroAndBasicSyntax.csproj", "{FEE3586B-7B27-4375-9A37-F0C1A4555A09}"
EndProject
Global
	GlobalSection(SolutionConfigurationPlatforms) = preSolution
		Debug|Any CPU = Debug|Any CPU
		Release|Any CPU = Release|Any CPU
	EndGlobalSection
	GlobalSection(ProjectConfigurationPlatforms) = postSolution
		{FEE3586B-7B27-4375-9A37-F0C1A4555A09}.Debug|Any CPU.ActiveCfg = Debug|Any CPU
		{FEE3586B-7B27-4375-9A37-F0C1A4555A09}.Debug|Any CPU.Build.0 = Debug|Any CPU
		{FEE3586B-7B27-4375-9A37-F0C1A4555A09}.Release|Any CPU.ActiveCfg = Release|Any CPU
		{FEE3586B-7B27-4375-9A37-F0C1A4555A09}.Release|Any CPU.Build.0 = Release|Any CPU
	EndGlobalSection
	GlobalSection(SolutionProperties) = preSolution
		HideSolutionNode = FALSE
	EndGlobalSection
	GlobalSection(ExtensibilityGlobals) = postSolution
		SolutionGuid = {34F4DACF-8DAD-44A7-9F34-C09F49367C50}
	EndGlobalSection
EndGlobal
